
Microsoft Visual Studio Solution File, Format Version 12.00
# Visual Studio Version 17
VisualStudioVersion = 17.3.32901.215
MinimumVisualStudioVersion = 10.0.40219.1
Project("{FAE04EC0-301F-11D3-BF4B-00C04F79EFBC}") = "laboratorna3", "laboratorna3\laboratorna3.csproj", "{483A7B26-5699-473B-83E9-27A78F753303}"
EndProject
Global
	GlobalSection(SolutionConfigurationPlatforms) = preSolution
		Debug|Any CPU = Debug|Any CPU
		Release|Any CPU = Release|Any CPU
	EndGlobalSection
	GlobalSection(ProjectConfigurationPlatforms) = postSolution
		{483A7B26-5699-473B-83E9-27A78F753303}.Debug|Any CPU.ActiveCfg = Debug|Any CPU
		{483A7B26-5699-473B-83E9-27A78F753303}.Debug|Any CPU.Build.0 = Debug|Any CPU
		{483A7B26-5699-473B-83E9-27A78F753303}.Release|Any CPU.ActiveCfg = Release|Any CPU
		{483A7B26-5699-473B-83E9-27A78F753303}.Release|Any CPU.Build.0 = Release|Any CPU
	EndGlobalSection
	GlobalSection(SolutionProperties) = preSolution
		HideSolutionNode = FALSE
	EndGlobalSection
	GlobalSection(ExtensibilityGlobals) = postSolution
		SolutionGuid = {494BEDEB-19A4-4231-A9BA-7293BFD27A35}
	EndGlobalSection
EndGlobal
